# This file was autogenerated by Stack.
# You should not edit this file by hand.
# For more information, please see the documentation at:
#   https://docs.haskellstack.org/en/stable/lock_files

packages:
- completed:
    hackage: gloss-1.13.2.2@sha256:cdb17d6c2f7cc32dc0893e60d6c047f12adeb1a7279064e0def9fdfd97477bee,4075
    pantry-tree:
      sha256: d6353a809bbbd8711d53e738ef4e1e503b19280057a5ccd8c9a3b5c164a4718f
      size: 3807
  original:
    hackage: gloss-1.13.2.2
- completed:
    hackage: GLUT-2.7.0.16@sha256:a7da60bef0d06eb501a2abd0d5068a89fa2c2daf5fee4b607df62395543ba6b0,24054
    pantry-tree:
      sha256: 31d1c5020333d3f38db96d88e2a229da7f73ef95174be286a67a09525f9aefd9
      size: 9538
  original:
    hackage: GLUT-2.7.0.16
snapshots:
- completed:
    sha256: 4c972e067bae16b95961dbfdd12e07f1ee6c8fffabbfa05c3d65100b03f548b7
    size: 650253
    url: https://raw.githubusercontent.com/commercialhaskell/stackage-snapshots/master/lts/20/23.yaml
  original: lts-20.23
